
Microsoft Visual Studio Solution File, Format Version 12.00
# Visual Studio 2015
Project("{FAE04EC0-301F-11D3-BF4B-00C04F79EFBC}") = "osc_car", "osc_car.csproj", "{4A0697EB-4572-DBE3-683D-B4C91614D8F3}"
EndProject
Project("{FAE04EC0-301F-11D3-BF4B-00C04F79EFBC}") = "osc_car.Editor", "osc_car.Editor.csproj", "{DA98C3C5-3284-7B25-D2EE-D0661268735E}"
EndProject
Global
	GlobalSection(SolutionConfigurationPlatforms) = preSolution
		Debug|Any CPU = Debug|Any CPU
		Release|Any CPU = Release|Any CPU
	EndGlobalSection
	GlobalSection(ProjectConfigurationPlatforms) = postSolution
		{4A0697EB-4572-DBE3-683D-B4C91614D8F3}.Debug|Any CPU.ActiveCfg = Debug|Any CPU
		{4A0697EB-4572-DBE3-683D-B4C91614D8F3}.Debug|Any CPU.Build.0 = Debug|Any CPU
		{4A0697EB-4572-DBE3-683D-B4C91614D8F3}.Release|Any CPU.ActiveCfg = Release|Any CPU
		{4A0697EB-4572-DBE3-683D-B4C91614D8F3}.Release|Any CPU.Build.0 = Release|Any CPU
		{DA98C3C5-3284-7B25-D2EE-D0661268735E}.Debug|Any CPU.ActiveCfg = Debug|Any CPU
		{DA98C3C5-3284-7B25-D2EE-D0661268735E}.Debug|Any CPU.Build.0 = Debug|Any CPU
		{DA98C3C5-3284-7B25-D2EE-D0661268735E}.Release|Any CPU.ActiveCfg = Release|Any CPU
		{DA98C3C5-3284-7B25-D2EE-D0661268735E}.Release|Any CPU.Build.0 = Release|Any CPU
	EndGlobalSection
	GlobalSection(SolutionProperties) = preSolution
		HideSolutionNode = FALSE
	EndGlobalSection
EndGlobal
